PODS:
  - Representor (0.8.0)
  - Result (3.2.3)
  - URITemplate (2.0.1)
  - WebLinking (2.0.0)

DEPENDENCIES:
  - Representor (~> 0.8.0)
  - Result (~> 3.2)
  - URITemplate (~> 2.0)
  - WebLinking (~> 2.0)

SPEC CHECKSUMS:
  Representor: 305d926dc2f7c8ff4c109fc8592ab1bd7c52a2cb
  Result: 128640a6347e8d2ae48b142556739a2d13f90ce6
  URITemplate: 720b8a56a281494d7c2d31ee33183986eaed2c67
  WebLinking: b476999d59f78bd6649e6754d60693a7d147b00c

PODFILE CHECKSUM: 0a2bdd5bbc92912e16992ca851f6201db5c47a79

COCOAPODS: 1.2.1
