PODS:
  - Representor (0.5.0):
    - Representor/Core (= 0.5.0)
    - Representor/HTTP (= 0.5.0)
  - Representor/Core (0.5.0)
  - Representor/HTTP (0.5.0):
    - Representor/HTTP/Adapters (= 0.5.0)
    - Representor/HTTP/Deserialization (= 0.5.0)
    - Representor/HTTP/Transition (= 0.5.0)
  - Representor/HTTP/Adapters (0.5.0):
    - Representor/HTTP/Adapters/APIBlueprint (= 0.5.0)
    - Representor/HTTP/Adapters/HAL (= 0.5.0)
    - Representor/HTTP/Adapters/Siren (= 0.5.0)
  - Representor/HTTP/Adapters/APIBlueprint (0.5.0):
    - Representor/HTTP/Transition
  - Representor/HTTP/Adapters/HAL (0.5.0):
    - Representor/HTTP/Transition
  - Representor/HTTP/Adapters/Siren (0.5.0):
    - Representor/HTTP/Transition
  - Representor/HTTP/Deserialization (0.5.0):
    - Representor/HTTP/Adapters/HAL
    - Representor/HTTP/Adapters/Siren
    - Representor/HTTP/Transition
  - Representor/HTTP/Transition (0.5.0):
    - Representor/Core
  - URITemplate (1.2.0)

DEPENDENCIES:
  - Representor (~> 0.5.0)
  - URITemplate (~> 1.2)

SPEC CHECKSUMS:
  Representor: a1c6af487be4f1e520b2acc3efd1c3875b83f463
  URITemplate: 0dbf40f0e378eb9c6d04cc08e6101fb82d126dc3

COCOAPODS: 0.36.3
